#MicroXplorer Configuration settings - do not modify
Mcu.Family=STM32F0
ProjectManager.MainLocation=Src
RCC.MCOFreq_Value=48000000
RCC.USART1Freq_Value=48000000
ProjectManager.KeepUserCode=true
Mcu.UserName=STM32F030CCTx
SPI1.VirtualType=VM_MASTER
TIM1.IPParameters=Channel-PWM Generation1 CH1,Channel-PWM Generation2 CH2,Channel-PWM Generation3 CH3,Prescaler,Period
RCC.PLLCLKFreq_Value=48000000
ProjectManager.functionlistsort=1-MX_GPIO_Init-GPIO-false-HAL-true,2-MX_DMA_Init-DMA-false-HAL-true,3-SystemClock_Config-RCC-false-HAL-false,4-MX_SPI1_Init-SPI1-false-HAL-true,5-MX_TIM16_Init-TIM16-false-HAL-true,6-MX_USART1_UART_Init-USART1-false-HAL-true,7-MX_TIM3_Init-TIM3-false-HAL-true,8-MX_ADC_Init-ADC-false-HAL-true,9-MX_TIM1_Init-TIM1-false-HAL-true
PA9.GPIOParameters=GPIO_Label
PB0.GPIO_Label=IPS_DC
NVIC.SVC_IRQn=true\:0\:0\:false\:false\:false\:false\:false\:false
SH.S_TIM1_CH3.ConfNb=1
SH.S_TIM1_CH1.ConfNb=1
USART1.IPParameters=VirtualMode-Asynchronous,DMADisableonRxErrorParam,OverrunDisableParam,Mode
PA2.GPIOParameters=GPIO_Label
PinOutPanel.RotationAngle=0
TIM3.Channel-PWM\ Generation4\ CH4=TIM_CHANNEL_4
RCC.SYSCLKSource=RCC_SYSCLKSOURCE_PLLCLK
ProjectManager.StackSize=0x1200
Mcu.IP4=RCC
RCC.FCLKCortexFreq_Value=48000000
Mcu.IP5=SPI1
Mcu.IP2=FREERTOS
Mcu.IP3=NVIC
PB4.GPIOParameters=GPIO_Label
Mcu.IP0=ADC
Mcu.IP1=DMA
TIM1.Prescaler=100
NVIC.ADC1_IRQn=true\:0\:0\:false\:false\:true\:true\:true\:true
Mcu.UserConstants=
SH.S_TIM16_CH1.ConfNb=1
Mcu.ThirdPartyNb=0
SPI1.Direction=SPI_DIRECTION_1LINE
NVIC.TIM17_IRQn=true\:0\:0\:false\:false\:true\:false\:false\:true
RCC.HCLKFreq_Value=48000000
Mcu.IPNb=11
ProjectManager.PreviousToolchain=STM32CubeIDE
PB6.Signal=USART1_TX
PB6.Mode=Asynchronous
SPI1.CalculateBaudRate=12.0 MBits/s
PA8.GPIOParameters=GPIO_Label
Mcu.Pin6=PB1
Mcu.Pin7=PB12
Mcu.Pin8=PA8
Mcu.Pin9=PA9
FREERTOS.IPParameters=Tasks01,configUSE_TIMERS,INCLUDE_vTaskDelayUntil,configMINIMAL_STACK_SIZE,MEMORY_ALLOCATION,FootprintOK,configTOTAL_HEAP_SIZE
FREERTOS.configMINIMAL_STACK_SIZE=256
RCC.AHBFreq_Value=48000000
Dma.USART1_RX.0.Priority=DMA_PRIORITY_LOW
Mcu.Pin0=PA0
Mcu.Pin1=PA2
TIM3.Channel-PWM\ Generation1\ CH1=TIM_CHANNEL_1
GPIO.groupedBy=Group By Peripherals
Mcu.Pin2=PA4
Mcu.Pin3=PA5
Mcu.Pin4=PA7
Mcu.Pin5=PB0
ProjectManager.ProjectBuild=false
FREERTOS.configUSE_TIMERS=1
PA4.GPIO_PuPd=GPIO_PULLDOWN
PA8.Locked=true
PA4.Locked=true
Mcu.IP10=USART1
NVIC.SysTick_IRQn=true\:0\:0\:false\:false\:false\:false\:false\:false
RCC.PLLMUL=RCC_PLL_MUL6
PB12.GPIO_Label=STEER_EN
ProjectManager.FirmwarePackage=STM32Cube FW_F0 V1.11.1
MxDb.Version=DB.6.0.0
PB0.GPIOParameters=GPIO_Label
ProjectManager.BackupPrevious=false
VP_SYS_VS_tim17.Signal=SYS_VS_tim17
TIM1.Channel-PWM\ Generation1\ CH1=TIM_CHANNEL_1
PA14.Mode=Serial_Wire
USART1.OverrunDisableParam=ADVFEATURE_OVERRUN_ENABLE
PB1.GPIO_Label=SCREEN_BRIGHTNESS
File.Version=6
PA10.GPIO_Label=RGB_R
PA0.Mode=IN0
PB7.Signal=USART1_RX
PA8.Signal=S_TIM1_CH1
PB6.Locked=true
NVIC.PendSV_IRQn=true\:0\:0\:false\:false\:false\:false\:false\:false
SH.S_TIM3_CH1.0=TIM3_CH1,PWM Generation1 CH1
VP_FREERTOS_VS_CMSIS_V1.Mode=CMSIS_V1
Dma.USART1_RX.0.MemInc=DMA_MINC_ENABLE
Dma.RequestsNb=1
ProjectManager.HalAssertFull=false
PB0.Locked=true
VP_TIM1_VS_ClockSourceINT.Mode=Internal
FREERTOS.configTOTAL_HEAP_SIZE=4096
ProjectManager.ProjectName=DormLock
PA0.Signal=ADC_IN0
RCC.PLLMCOFreq_Value=48000000
Mcu.Package=LQFP48
PB1.Signal=S_TIM3_CH4
NVIC.TimeBase=TIM17_IRQn
ProjectManager.ToolChainLocation=
PA2.GPIO_Label=IPS_RESET
Dma.USART1_RX.0.RequestParameters=Instance,Direction,PeriphInc,MemInc,PeriphDataAlignment,MemDataAlignment,Mode,Priority
NVIC.TimeBaseIP=TIM17
PA10.Signal=S_TIM1_CH3
FREERTOS.FootprintOK=true
USART1.DMADisableonRxErrorParam=ADVFEATURE_DMA_DISABLEONRXERROR
RCC.APB1TimFreq_Value=48000000
Dma.USART1_RX.0.Mode=DMA_NORMAL
TIM1.Period=2500
TIM16.Prescaler=191
NVIC.USART1_IRQn=true\:1\:0\:true\:false\:true\:false\:true\:true
Dma.Request0=USART1_RX
SPI1.BaudRatePrescaler=SPI_BAUDRATEPRESCALER_4
PA4.GPIO_Label=SCREEN_CS
Dma.USART1_RX.0.Instance=DMA1_Channel3
ProjectManager.CustomerFirmwarePackage=
PB4.Signal=S_TIM3_CH1
PA5.Mode=Simplex_Bidirectional_Master
PA2.Locked=true
ProjectManager.ProjectFileName=DormLock.ioc
FREERTOS.Tasks01=defaultTask,0,256,StartDefaultTask,Default,NULL,Dynamic,NULL,NULL
PB8.GPIOParameters=GPIO_Label
PA7.Mode=Simplex_Bidirectional_Master
Dma.USART1_RX.0.PeriphDataAlignment=DMA_PDATAALIGN_BYTE
Mcu.PinsNb=21
ProjectManager.NoMain=false
VP_SYS_VS_tim17.Mode=TIM17
SPI1.IPParameters=VirtualType,Mode,Direction,BaudRatePrescaler,CalculateBaudRate
NVIC.SavedSvcallIrqHandlerGenerated=true
PA9.GPIO_Label=RGB_G
FREERTOS.INCLUDE_vTaskDelayUntil=1
ProjectManager.DefaultFWLocation=true
SH.S_TIM16_CH1.0=TIM16_CH1,PWM Generation1 CH1
VP_TIM16_VS_ClockSourceINT.Mode=Enable_Timer
PB12.Locked=true
ProjectManager.DeletePrevious=true
TIM16.Channel=TIM_CHANNEL_1
RCC.FamilyName=M
USART1.VirtualMode-Asynchronous=VM_ASYNC
PA13.Signal=SYS_SWDIO
VP_FREERTOS_VS_CMSIS_V1.Signal=FREERTOS_VS_CMSIS_V1
PB8.GPIO_Label=STEER_PWM
PA8.GPIO_Label=RGB_B
SH.S_TIM1_CH1.0=TIM1_CH1,PWM Generation1 CH1
ProjectManager.TargetToolchain=STM32CubeIDE
Dma.USART1_RX.0.Direction=DMA_PERIPH_TO_MEMORY
PA9.Signal=S_TIM1_CH2
VP_TIM1_VS_ClockSourceINT.Signal=TIM1_VS_ClockSourceINT
TIM1.Channel-PWM\ Generation2\ CH2=TIM_CHANNEL_2
ProjectManager.RegisterCallBack=
Dma.USART1_RX.0.PeriphInc=DMA_PINC_DISABLE
PB1.Locked=true
SH.S_TIM1_CH2.ConfNb=1
PA5.Signal=SPI1_SCK
FREERTOS.MEMORY_ALLOCATION=2
board=custom
ProjectManager.LastFirmware=false
RCC.VCOOutput2Freq_Value=8000000
TIM16.Period=1000
NVIC.SavedSystickIrqHandlerGenerated=true
MxCube.Version=6.0.1
PB4.GPIO_Label=STEER_PWM_B
USART1.Mode=MODE_TX_RX
SH.S_TIM1_CH2.0=TIM1_CH2,PWM Generation2 CH2
SPI1.Mode=SPI_MODE_MASTER
PA10.GPIOParameters=GPIO_Label
TIM3.IPParameters=Channel-PWM Generation4 CH4,Channel-PWM Generation1 CH1
Dma.USART1_RX.0.MemDataAlignment=DMA_MDATAALIGN_BYTE
PA9.Locked=true
VP_TIM16_VS_ClockSourceINT.Signal=TIM16_VS_ClockSourceINT
NVIC.NonMaskableInt_IRQn=true\:0\:0\:false\:false\:true\:false\:false\:false
PA4.GPIOParameters=GPIO_PuPd,GPIO_Label
PA13.Mode=Serial_Wire
ProjectManager.FreePins=true
RCC.IPParameters=AHBFreq_Value,APB1Freq_Value,APB1TimFreq_Value,FCLKCortexFreq_Value,FamilyName,HCLKFreq_Value,MCOFreq_Value,PLLCLKFreq_Value,PLLMCOFreq_Value,PLLMUL,SYSCLKFreq_VALUE,SYSCLKSource,TimSysFreq_Value,USART1Freq_Value,VCOOutput2Freq_Value
ProjectManager.AskForMigrate=true
Mcu.Name=STM32F030CCTx
NVIC.SavedPendsvIrqHandlerGenerated=true
PA2.Signal=GPIO_Output
ProjectManager.UnderRoot=true
Mcu.IP8=TIM3
Mcu.IP9=TIM16
Mcu.IP6=SYS
Mcu.IP7=TIM1
ProjectManager.CoupleFile=true
PB4.Locked=true
PA4.Signal=GPIO_Output
RCC.SYSCLKFreq_VALUE=48000000
RCC.TimSysFreq_Value=48000000
Mcu.Pin20=VP_TIM16_VS_ClockSourceINT
PA10.Locked=true
NVIC.ForceEnableDMAVector=true
KeepUserPlacement=false
ProjectManager.CompilerOptimize=6
PB7.Mode=Asynchronous
PA14.Signal=SYS_SWCLK
ProjectManager.HeapSize=0x1000
Mcu.Pin15=PB7
NVIC.HardFault_IRQn=true\:0\:0\:false\:false\:true\:false\:false\:false
Mcu.Pin16=PB8
Mcu.Pin13=PB4
SH.S_TIM1_CH3.0=TIM1_CH3,PWM Generation3 CH3
Mcu.Pin14=PB6
Mcu.Pin19=VP_TIM1_VS_ClockSourceINT
SH.S_TIM3_CH1.ConfNb=1
ProjectManager.ComputerToolchain=false
Mcu.Pin17=VP_FREERTOS_VS_CMSIS_V1
Mcu.Pin18=VP_SYS_VS_tim17
SH.S_TIM3_CH4.ConfNb=1
Mcu.Pin11=PA13
Mcu.Pin12=PA14
Mcu.Pin10=PA10
NVIC.DMA1_Channel2_3_IRQn=true\:0\:0\:false\:false\:true\:false\:false\:true
PB7.Locked=true
PB8.Signal=S_TIM16_CH1
TIM16.IPParameters=Channel,Prescaler,Period
TIM1.Channel-PWM\ Generation3\ CH3=TIM_CHANNEL_3
RCC.APB1Freq_Value=48000000
PB0.Signal=GPIO_Output
ProjectManager.DeviceId=STM32F030CCTx
PB12.GPIOParameters=GPIO_Label
PB12.Signal=GPIO_Output
ProjectManager.LibraryCopy=1
SH.S_TIM3_CH4.0=TIM3_CH4,PWM Generation4 CH4
PB1.GPIOParameters=GPIO_Label
PA7.Signal=SPI1_MOSI
